
Microsoft Visual Studio Solution File, Format Version 12.00
# Visual Studio Version 17
VisualStudioVersion = 17.11.35327.3
MinimumVisualStudioVersion = 10.0.40219.1
Project("{FAE04EC0-301F-11D3-BF4B-00C04F79EFBC}") = "Carpet_Cleaning_Service", "Carpet_Cleaning_Service\Carpet_Cleaning_Service.csproj", "{72815763-0947-4A2A-89FA-6E24F5FC07C3}"
EndProject
Global
	GlobalSection(SolutionConfigurationPlatforms) = preSolution
		Debug|Any CPU = Debug|Any CPU
		Release|Any CPU = Release|Any CPU
	EndGlobalSection
	GlobalSection(ProjectConfigurationPlatforms) = postSolution
		{72815763-0947-4A2A-89FA-6E24F5FC07C3}.Debug|Any CPU.ActiveCfg = Debug|Any CPU
		{72815763-0947-4A2A-89FA-6E24F5FC07C3}.Debug|Any CPU.Build.0 = Debug|Any CPU
		{72815763-0947-4A2A-89FA-6E24F5FC07C3}.Release|Any CPU.ActiveCfg = Release|Any CPU
		{72815763-0947-4A2A-89FA-6E24F5FC07C3}.Release|Any CPU.Build.0 = Release|Any CPU
	EndGlobalSection
	GlobalSection(SolutionProperties) = preSolution
		HideSolutionNode = FALSE
	EndGlobalSection
	GlobalSection(ExtensibilityGlobals) = postSolution
		SolutionGuid = {F888654F-D6C7-4530-90D9-1C33611BFB0D}
	EndGlobalSection
EndGlobal
